# THIS IS AN AUTOGENERATED FILE. DO NOT EDIT THIS FILE DIRECTLY.
assets/_color_variables.scss.liquid:
  development: 2018-12-13T11:12:08-05:00   7108b817bf16b73a52a532540d9480c5
assets/color_variables.liquid:
  development: '2018-12-13T11:06:25-05:00   '
assets/color_variables.scss.liquid:
  development: 2018-12-13T11:11:47-05:00   7108b817bf16b73a52a532540d9480c5
assets/giftcard.js:
  development: 2018-05-03T15:58:03-04:00   b771bb1917067a40642c2d8e27cf877d
assets/ico-select.svg.liquid:
  development: 2018-05-03T15:58:03-04:00   765be6d2ef08d76aa0f1aab48a10e2b7
assets/layout.theme.styleLiquid.scss.liquid:
  development: 2018-10-25T15:10:50-04:00   183348fae449c6d52fff58048bfff88b
assets/liquid_variables.scss.liquid:
  development: 2018-12-11T17:21:31-05:00   9710b5c90a64f7e568eeff0b08c7b1d3
assets/styles.scss.liquid:
  development: 2018-12-18T11:49:17-05:00   6c5450db38e651ff18e8cb5d9ce8b7f9
assets/theme.js:
  development: 2018-10-18T17:56:30-04:00   327495cfd711c3da56a38771021f004c
assets/theme.scss.liquid:
  development: 2018-10-18T17:56:52-04:00   6b803f909047a76f0929c464069bc5f8
assets/variables.scss.liquid:
  development: 2018-12-11T17:08:34-05:00   11bf4b17b53e11c65946f38e324eacc6
assets/vendor.js:
  development: 2018-10-18T17:56:14-04:00   157add0c1ebdda466aa2b5d7117cce95
config/settings_schema.json:
  development: 2018-12-14T14:39:15-05:00   c9470202537c261cb063361e118e7e12
layout/gift_card.liquid:
  development: 2018-10-25T15:11:05-04:00   4725523faab2c7c731d1e45b1aada8a4
layout/password.liquid:
  development: 2018-10-25T15:10:43-04:00   dc88d5fe63c61a527a3d2bf6d84632c4
layout/theme.liquid:
  development: 2018-12-14T12:46:36-05:00   bb37a32e84fef13309e9f3f380e5d2b5
layout/theme.test.liquid:
  development: 2018-10-18T21:28:53-04:00   e01361e19a52d085a2d625b79697fd14
locales/da.json:
  development: 2018-10-25T15:10:43-04:00   3f284a4c3c4b273f54452ec37fe9b4d0
locales/de.json:
  development: 2018-10-25T15:11:13-04:00   de117121b8b22fc014b3c9120a2ae2fa
locales/en.default.json:
  development: 2018-11-26T11:22:42-05:00   2f47890b5e428a912983c2cdda538fc6
locales/es.json:
  development: 2018-10-25T15:10:41-04:00   122fe9a3c4bbaebdc583326e76cb83fa
locales/fr.json:
  development: 2018-10-25T15:11:14-04:00   7b9bdadab3fc17ff8c0f4c92f7fa9688
locales/nl.json:
  development: 2018-10-25T15:10:48-04:00   55785ad4a40b2326d9132a49c5475134
locales/pt-BR.json:
  development: 2018-10-25T15:11:07-04:00   447c8af7b18779b0450b8323b0fd10af
locales/pt-PT.json:
  development: 2018-10-25T15:11:11-04:00   4cc016fb6c9b88cda2ee5a756983b10f
sections/blog-posts.liquid:
  development: 2018-10-25T15:11:10-04:00   5b8e9316c637ea83764ef0f1e6a4aab6
sections/blog-slider.liquid:
  development: 2018-11-26T17:04:58-05:00   44ca9424f93834b7989737b0413f2cc7
sections/collection-list-bismuth.liquid:
  development: 2018-11-13T14:46:17-05:00   7faecdf5504cd61aa16a13bf51523093
sections/collection-list.liquid:
  development: 2018-12-13T12:23:32-05:00   e64d7b434533e9412e483a2e6026a36b
sections/collection-slider.liquid:
  development: 2018-12-13T12:24:56-05:00   54c4cfb5c9bfc5e0b8d8dbc34ca9e1f0
sections/featured-collection.liquid:
  development: 2018-12-14T14:02:14-05:00   93e84c700d9653f250a82c31f69ff3b6
sections/featured-product.liquid:
  development: 2018-12-14T14:02:23-05:00   d7d4c5c80c0376f26f6be2bcc591075a
sections/footer.liquid:
  development: 2018-12-14T14:02:29-05:00   7467bce7a8aa23e96f38b045b1ffc4a4
sections/header.liquid:
  development: 2018-12-14T14:02:37-05:00   5c23b9a96b4da951eba41a6ccda227b6
sections/hero-slider-BACKUP.liquid:
  development: 2018-11-26T14:09:50-05:00   607380cf3ed6700ff2b3af54127cc1e5
sections/hero-slider.liquid:
  development: 2018-12-14T14:03:00-05:00   d889f94dc3d6bd14f6c963ff4b2e7678
sections/image-with-text.liquid:
  development: 2018-12-14T14:03:13-05:00   27e639747311306269c36695098b24a0
sections/newsletter.liquid:
  development: 2018-10-25T15:10:55-04:00   1966568ccddc693c60e37b62f5660f89
sections/product.liquid:
  development: '2018-11-26T11:55:58-05:00   '
sections/related-product-slider.liquid:
  development: 2018-11-28T13:52:35-05:00   363c76cae8d0d848743ccb1ddba40226
sections/rich-text.liquid:
  development: 2018-10-25T15:10:52-04:00   35fc6aa68eeab57fdefdd0839c370acd
sections/video-hero.liquid:
  development: 2018-12-18T11:54:56-05:00   015da234521d4ed8aecdbf546ff28be2
snippets/add-to-cart-dynamic.liquid:
  development: 2018-12-14T14:00:09-05:00   9b9d05ce60d1dbe45c295f39c075a82c
snippets/announcement-bar.liquid:
  development: 2018-12-14T14:00:18-05:00   c7fb3fc0539f1f3edb8fe995545eed74
snippets/collection-filter-options.liquid:
  development: 2018-12-14T14:00:37-05:00   7372ad0aaa48df139db387a9b0b0420a
snippets/collection-item-BU.liquid:
  development: 2018-11-28T14:34:39-05:00   19f4df309207a0b83a9604998ab56f9c
snippets/collection-item.liquid:
  development: 2018-12-14T14:00:30-05:00   c5442c09603c8ba9f2e2b0bdf9db7b21
snippets/css-variables.liquid:
  development: 2018-12-14T14:44:07-05:00   044bd34fe96a190670a9c63f77fa4c3f
snippets/grid-responsive-navbar.liquid:
  development: 2018-12-14T14:01:02-05:00   ae754f7e0e1c41f36eac7f6069a2e3ce
snippets/header-cp-nav.liquid:
  development: 2018-12-14T14:01:20-05:00   9aeebcfd76cc4fd2f8f1fd5b27f2f2e5
snippets/icon-amazon_payments.liquid:
  development: 2018-05-03T15:58:04-04:00   b5ff59d6df578a0fc1ca86322682cbaf
snippets/icon-american_express.liquid:
  development: 2018-05-03T15:58:04-04:00   9da829decce6867b8de60a183c94d099
snippets/icon-apple_pay.liquid:
  development: 2018-10-18T17:56:04-04:00   3515652852dc87af07c077441ba4bb83
snippets/icon-arrow-down.liquid:
  development: 2018-10-25T15:10:56-04:00   26389e3fa0a6986a4fd0d47eed6ae82a
snippets/icon-bitcoin.liquid:
  development: 2018-05-03T15:58:05-04:00   d8cb31e0401818c1cb852348b6f27420
snippets/icon-cart.liquid:
  development: 2018-10-25T15:10:44-04:00   86e8adcca221a71ac2e933e574098320
snippets/icon-cirrus.liquid:
  development: 2018-05-03T15:58:05-04:00   fcbd6ce7e38d7946c921c8ed6ad5ca71
snippets/icon-close.liquid:
  development: 2018-10-25T15:10:47-04:00   e7fe751d44563c01ffcf3568ff10b591
snippets/icon-dankort.liquid:
  development: 2018-05-03T15:58:05-04:00   796e1e822b3e46784d303b48c9db5b29
snippets/icon-diners_club.liquid:
  development: 2018-05-03T15:58:05-04:00   cf70ea54486bb14c286264f90dab9ff8
snippets/icon-discover.liquid:
  development: 2018-05-03T15:58:05-04:00   b43221b39bc3df37f7e6c7810d3e54d8
snippets/icon-dogecoin.liquid:
  development: 2018-05-03T15:58:05-04:00   67abfb757def8ef6ad3e8501af6b98bd
snippets/icon-dwolla.liquid:
  development: 2018-05-03T15:58:05-04:00   30b9fb88641a559f68f401a1a95506e5
snippets/icon-facebook.liquid:
  development: 2018-10-25T15:10:48-04:00   39861c6dcfbbc36a36251739ff16d6ab
snippets/icon-forbrugsforeningen.liquid:
  development: 2018-05-03T15:58:05-04:00   dc60dbbf37b6b40ce2d5e8efb6a5cd7b
snippets/icon-hamburger.liquid:
  development: 2018-10-25T15:10:49-04:00   1040d99f19130026c455947353ce1deb
snippets/icon-instagram.liquid:
  development: 2018-10-25T15:11:07-04:00   b63330018251fb00ffaae7bd7f24ce0c
snippets/icon-interac.liquid:
  development: 2018-05-03T15:58:05-04:00   24c4d22a98c0574c32fc02fe39e34b80
snippets/icon-jcb.liquid:
  development: 2018-05-03T15:58:05-04:00   275259ce80a1b368d0e5afcf7d6bb6f3
snippets/icon-litecoin.liquid:
  development: 2018-05-03T15:58:05-04:00   051dfcb36fa17b532a087b12f0a49e0e
snippets/icon-lock.liquid:
  development: 2018-10-25T15:10:55-04:00   26936419e15086d8ece1e439a94a9ebe
snippets/icon-maestro.liquid:
  development: 2018-05-03T15:58:05-04:00   a540b6db188a28fb8f72ed741a897330
snippets/icon-master.liquid:
  development: 2018-05-03T15:58:05-04:00   a8160577c52110a093d7120692bb6241
snippets/icon-minus.liquid:
  development: 2018-10-25T15:10:44-04:00   e5914d88eb671321d27d88181d08375b
snippets/icon-paypal.liquid:
  development: 2018-05-03T15:58:05-04:00   1b0d7db160b229b8519cccf2514ee676
snippets/icon-pinterest.liquid:
  development: 2018-10-25T15:10:59-04:00   4a70f2200fea570e20e1d1828a646c32
snippets/icon-plus.liquid:
  development: 2018-10-25T15:10:51-04:00   8940c7869abd5a10ca8e851f6e40b1a1
snippets/icon-rss.liquid:
  development: 2018-10-25T15:11:05-04:00   887bb3a69212a4e937606873078da26a
snippets/icon-search.liquid:
  development: 2018-10-25T15:10:53-04:00   816f3b449974c12a61b806c6d5223818
snippets/icon-shopify-logo.liquid:
  development: 2018-10-25T15:11:13-04:00   fc3d3f163f9031d09bc5ddffc3405bef
snippets/icon-snapchat.liquid:
  development: 2018-10-25T15:11:09-04:00   5a51de162e860b38d953ac17ad5daea7
snippets/icon-tumblr.liquid:
  development: 2018-10-25T15:10:57-04:00   62740d40ec6da3dfe4a7807b0469b8d6
snippets/icon-twitter.liquid:
  development: 2018-10-25T15:11:01-04:00   ba6c69b728a544107292259ad86cba48
snippets/icon-vimeo.liquid:
  development: 2018-10-25T15:11:01-04:00   bde9f898a1f402b103a01f218993ac83
snippets/icon-visa.liquid:
  development: 2018-05-03T15:58:06-04:00   9098533cd59e385d2672f6d8b7fa4b04
snippets/icon-youtube.liquid:
  development: 2018-10-25T15:11:06-04:00   f024703aa41539945783103ebb0a9167
snippets/mini-cart.liquid:
  development: 2018-11-13T15:12:05-05:00   73825bcefce473a582feda52845ffea7
snippets/minicart.liquid:
  development: 2018-12-14T14:01:27-05:00   3a7fe9de0d837b0ccac44ff3fa2695cb
snippets/mobile-nav.liquid:
  development: 2018-12-14T14:01:38-05:00   ae49c7dee8baa552dd9ff786d848230f
snippets/more-from-collection.liqudi:
  development: '2018-11-28T13:13:13-05:00   '
snippets/more-from-collection.liquid:
  development: 2018-11-28T14:33:02-05:00   ec6dd3cecf0a8b338ce82578ebc15436
snippets/no-blocks.liquid:
  development: 2018-05-03T15:58:06-04:00   0cb7d758b6df0feb07ae5804b4b627fa
snippets/pagination.liquid:
  development: 2018-05-03T15:58:06-04:00   d4a467973d86f8663428ddaaaf035d12
snippets/product-collection-item.liquid:
  development: 2018-11-29T12:48:51-05:00   c1c526b4d0ee1c3d036795337cde3253
snippets/product.liqud:
  development: '2018-11-26T11:46:57-05:00   '
snippets/product.liquid:
  development: 2018-12-14T14:01:49-05:00   30e1e843b97a2bfd279a6e949f08a785
snippets/responsive-bg-image.liquid:
  development: 2018-10-25T15:11:13-04:00   3a00c3d44be804bedf25d033110dd2f4
snippets/responsive-image.liquid:
  development: 2018-10-25T15:11:15-04:00   4c607ac8962f0ba7a41caaa337cb9847
snippets/script-tags.liquid:
  development: 2018-12-11T12:25:54-05:00   4eceff42625452b811616baffd7f7962
snippets/social-meta-tags.liquid:
  development: 2018-10-25T15:11:14-04:00   186cfd740d8f28d4a29d67edca191166
snippets/social-sharing.liquid:
  development: 2018-05-03T15:58:06-04:00   987f1d283ac10d7849dc69d76221e37a
snippets/style-tags.liquid:
  development: 2018-12-11T12:25:42-05:00   3161fb26fe6605b848ae45b6a73931e6
snippets/variables.liquid:
  development: '2018-11-13T13:34:44-05:00   '
templates/404.liquid:
  development: 2018-11-13T12:05:51-05:00   cca93536caa1d31f387532fb8cd01784
templates/article.liquid:
  development: 2018-12-14T14:03:32-05:00   9da07dd485a85ace8c13fb5cd131bb27
templates/blog.liquid:
  development: 2018-12-13T12:51:22-05:00   47e96a1d211a3d1d2435418eff07390f
templates/cart.liquid:
  development: 2018-12-14T14:03:43-05:00   8220913cb62e512ec1890f6b77486bbe
templates/collection.liquid:
  development: 2018-11-28T15:27:54-05:00   4bddf9d5a3d7473af9c2e16c3c0307d2
templates/customers/account.liquid:
  development: 2018-12-13T12:54:47-05:00   88b96a956266687ad45da8ae9dbe6da5
templates/customers/activate_account.liquid:
  development: 2018-12-13T12:54:52-05:00   c5ab948e8bfad926e479c6f79a5740b5
templates/customers/addresses.liquid:
  development: 2018-12-13T12:54:58-05:00   00be1881189a8d42e32901e7b29e4c04
templates/customers/login.liquid:
  development: 2018-12-13T12:55:12-05:00   300a08cf851600e7932b5917861738f0
templates/customers/order.liquid:
  development: 2018-12-13T12:55:45-05:00   97a230cba05826518856f52fe8c6bad5
templates/customers/product.liquid:
  development: 2018-12-13T12:55:24-05:00   cc6c96d33f0bb3e723e5b0c01eea7fd3
templates/customers/register.liquid:
  development: 2018-12-13T12:56:08-05:00   c44ef576b3b2e25f3f34349f65a1d50a
templates/customers/reset_password.liquid:
  development: 2018-12-13T12:56:49-05:00   dff51214b477911f8871bd6371b7d4a3
templates/gift_card.liquid:
  development: 2018-12-14T14:03:57-05:00   d8290fb4603da828fb28ca02adb46a97
templates/index.liquid:
  development: 2018-11-13T16:59:31-05:00   57fb0d7e53967a678fdb243f1b4e97ba
templates/list-collections.liquid:
  development: 2018-11-13T15:38:51-05:00   c48540f0062ad1cbdbc71d3f4a193d52
templates/page.contact.liquid:
  development: '2018-11-13T12:05:47-05:00   '
templates/page.liquid:
  development: 2018-11-13T15:39:14-05:00   cdaa51b6de549519e0dce260f77465a8
templates/page.sliders.liquid:
  development: 2018-11-26T16:46:49-05:00   67da6f24d0ed5a129f55c30d9080210a
templates/page.styles.liquid:
  development: 2018-12-14T12:52:01-05:00   d5e9291c5d5a301af61347aaf51c8f75
templates/password.liquid:
  development: 2018-12-14T14:04:19-05:00   c79700feb28493faebe0aa469e8786fe
templates/product.liquid:
  development: 2018-12-14T14:04:32-05:00   b5cfa8ae3f599bdabd873fbc113ec206
templates/search.liquid:
  development: 2018-11-13T15:39:25-05:00   061ea7f51592f01ac35eb364dbe5f7d5
